// !$*UTF8*$!
{
	archiveVersion = 1;
	classes = {
	};
	objectVersion = 46;
	objects = {

/* Begin PBXBuildFile section */
		E338CAD71A3351C700DDB2CD /* NIMSettings.m in Sources */ = {isa = PBXBuildFile; fileRef = E338CAD61A3351C700DDB2CD /* NIMSettings.m */; };
		E338CADB1A3439CE00DDB2CD /* NIMFMDataSource.m in Sources */ = {isa = PBXBuildFile; fileRef = E338CADA1A3439CE00DDB2CD /* NIMFMDataSource.m */; };
		E338CAE61A3464C200DDB2CD /* GCOAuth.m in Sources */ = {isa = PBXBuildFile; fileRef = E338CAE21A3464C200DDB2CD /* GCOAuth.m */; settings = {COMPILER_FLAGS = "-fno-objc-arc -w"; }; };
		E338CAE71A3464C200DDB2CD /* NSData+Base64.m in Sources */ = {isa = PBXBuildFile; fileRef = E338CAE41A3464C200DDB2CD /* NSData+Base64.m */; settings = {COMPILER_FLAGS = "-fno-objc-arc -w"; }; };
		E338CAEB1A34CDAB00DDB2CD /* NIMTweetsDataController.m in Sources */ = {isa = PBXBuildFile; fileRef = E338CAEA1A34CDAB00DDB2CD /* NIMTweetsDataController.m */; };
		E3877EE31A3311F7000573FF /* NIMTweetCell.m in Sources */ = {isa = PBXBuildFile; fileRef = E3877EE21A3311F7000573FF /* NIMTweetCell.m */; };
		E3BA465A1A32EE3D00047E61 /* main.m in Sources */ = {isa = PBXBuildFile; fileRef = E3BA46591A32EE3D00047E61 /* main.m */; };
		E3BA465D1A32EE3D00047E61 /* AppDelegate.m in Sources */ = {isa = PBXBuildFile; fileRef = E3BA465C1A32EE3D00047E61 /* AppDelegate.m */; };
		E3BA46631A32EE3D00047E61 /* Main.storyboard in Resources */ = {isa = PBXBuildFile; fileRef = E3BA46611A32EE3D00047E61 /* Main.storyboard */; };
		E3BA46651A32EE3D00047E61 /* Images.xcassets in Resources */ = {isa = PBXBuildFile; fileRef = E3BA46641A32EE3D00047E61 /* Images.xcassets */; };
		E3BA46681A32EE3D00047E61 /* LaunchScreen.xib in Resources */ = {isa = PBXBuildFile; fileRef = E3BA46661A32EE3D00047E61 /* LaunchScreen.xib */; };
		E3BA46741A32EE3D00047E61 /* MyTwitterClient2Tests.m in Sources */ = {isa = PBXBuildFile; fileRef = E3BA46731A32EE3D00047E61 /* MyTwitterClient2Tests.m */; };
		E3BA467F1A32F44C00047E61 /* NIMTweetsViewController.m in Sources */ = {isa = PBXBuildFile; fileRef = E3BA467E1A32F44C00047E61 /* NIMTweetsViewController.m */; };
		E3BA46821A32F4D300047E61 /* NIMSettingsViewController.m in Sources */ = {isa = PBXBuildFile; fileRef = E3BA46811A32F4D300047E61 /* NIMSettingsViewController.m */; };
		E3BA46861A32FC4600047E61 /* NIMTwitterHTTPClient.m in Sources */ = {isa = PBXBuildFile; fileRef = E3BA46851A32FC4600047E61 /* NIMTwitterHTTPClient.m */; };
		E3BA468A1A33073600047E61 /* NIMTweet.m in Sources */ = {isa = PBXBuildFile; fileRef = E3BA46891A33073600047E61 /* NIMTweet.m */; };
		E3BA468D1A3307BB00047E61 /* NIMUser.m in Sources */ = {isa = PBXBuildFile; fileRef = E3BA468C1A3307BB00047E61 /* NIMUser.m */; };
		F2339C0218CF2EE735769ECB /* libPods.a in Frameworks */ = {isa = PBXBuildFile; fileRef = A41F2F2F9CAB1B5FDB3ED6A5 /* libPods.a */; };
/* End PBXBuildFile section */

/* Begin PBXContainerItemProxy section */
		E3BA466E1A32EE3D00047E61 /* PBXContainerItemProxy */ = {
			isa = PBXContainerItemProxy;
			containerPortal = E3BA464C1A32EE3D00047E61 /* Project object */;
			proxyType = 1;
			remoteGlobalIDString = E3BA46531A32EE3D00047E61;
			remoteInfo = MyTwitterClient2;
		};
/* End PBXContainerItemProxy section */

/* Begin PBXFileReference section */
		12327006E00FEE1C26AEDB64 /* Pods.debug.xcconfig */ = {isa = PBXFileReference; includeInIndex = 1; lastKnownFileType = text.xcconfig; name = Pods.debug.xcconfig; path = "Pods/Target Support Files/Pods/Pods.debug.xcconfig"; sourceTree = "<group>"; };
		362B4246287275EDA8CE542A /* Pods.release.xcconfig */ = {isa = PBXFileReference; includeInIndex = 1; lastKnownFileType = text.xcconfig; name = Pods.release.xcconfig; path = "Pods/Target Support Files/Pods/Pods.release.xcconfig"; sourceTree = "<group>"; };
		A41F2F2F9CAB1B5FDB3ED6A5 /* libPods.a */ = {isa = PBXFileReference; explicitFileType = archive.ar; includeInIndex = 0; path = libPods.a; sourceTree = BUILT_PRODUCTS_DIR; };
		E338CAD51A3351C700DDB2CD /* NIMSettings.h */ = {isa = PBXFileReference; fileEncoding = 4; lastKnownFileType = sourcecode.c.h; path = NIMSettings.h; sourceTree = "<group>"; };
		E338CAD61A3351C700DDB2CD /* NIMSettings.m */ = {isa = PBXFileReference; fileEncoding = 4; lastKnownFileType = sourcecode.c.objc; path = NIMSettings.m; sourceTree = "<group>"; };
		E338CAD91A3439CE00DDB2CD /* NIMFMDataSource.h */ = {isa = PBXFileReference; fileEncoding = 4; lastKnownFileType = sourcecode.c.h; path = NIMFMDataSource.h; sourceTree = "<group>"; };
		E338CADA1A3439CE00DDB2CD /* NIMFMDataSource.m */ = {isa = PBXFileReference; fileEncoding = 4; lastKnownFileType = sourcecode.c.objc; path = NIMFMDataSource.m; sourceTree = "<group>"; };
		E338CAE11A3464C200DDB2CD /* GCOAuth.h */ = {isa = PBXFileReference; fileEncoding = 4; lastKnownFileType = sourcecode.c.h; path = GCOAuth.h; sourceTree = "<group>"; };
		E338CAE21A3464C200DDB2CD /* GCOAuth.m */ = {isa = PBXFileReference; fileEncoding = 4; lastKnownFileType = sourcecode.c.objc; path = GCOAuth.m; sourceTree = "<group>"; };
		E338CAE31A3464C200DDB2CD /* NSData+Base64.h */ = {isa = PBXFileReference; fileEncoding = 4; lastKnownFileType = sourcecode.c.h; path = "NSData+Base64.h"; sourceTree = "<group>"; };
		E338CAE41A3464C200DDB2CD /* NSData+Base64.m */ = {isa = PBXFileReference; fileEncoding = 4; lastKnownFileType = sourcecode.c.objc; path = "NSData+Base64.m"; sourceTree = "<group>"; };
		E338CAE91A34CDAB00DDB2CD /* NIMTweetsDataController.h */ = {isa = PBXFileReference; fileEncoding = 4; lastKnownFileType = sourcecode.c.h; path = NIMTweetsDataController.h; sourceTree = "<group>"; };
		E338CAEA1A34CDAB00DDB2CD /* NIMTweetsDataController.m */ = {isa = PBXFileReference; fileEncoding = 4; lastKnownFileType = sourcecode.c.objc; path = NIMTweetsDataController.m; sourceTree = "<group>"; };
		E3877EE11A3311F7000573FF /* NIMTweetCell.h */ = {isa = PBXFileReference; fileEncoding = 4; lastKnownFileType = sourcecode.c.h; path = NIMTweetCell.h; sourceTree = "<group>"; };
		E3877EE21A3311F7000573FF /* NIMTweetCell.m */ = {isa = PBXFileReference; fileEncoding = 4; lastKnownFileType = sourcecode.c.objc; path = NIMTweetCell.m; sourceTree = "<group>"; };
		E3BA46541A32EE3D00047E61 /* MyTwitterClient2.app */ = {isa = PBXFileReference; explicitFileType = wrapper.application; includeInIndex = 0; path = MyTwitterClient2.app; sourceTree = BUILT_PRODUCTS_DIR; };
		E3BA46581A32EE3D00047E61 /* Info.plist */ = {isa = PBXFileReference; lastKnownFileType = text.plist.xml; path = Info.plist; sourceTree = "<group>"; };
		E3BA46591A32EE3D00047E61 /* main.m */ = {isa = PBXFileReference; lastKnownFileType = sourcecode.c.objc; path = main.m; sourceTree = "<group>"; };
		E3BA465B1A32EE3D00047E61 /* AppDelegate.h */ = {isa = PBXFileReference; lastKnownFileType = sourcecode.c.h; path = AppDelegate.h; sourceTree = "<group>"; };
		E3BA465C1A32EE3D00047E61 /* AppDelegate.m */ = {isa = PBXFileReference; lastKnownFileType = sourcecode.c.objc; path = AppDelegate.m; sourceTree = "<group>"; };
		E3BA46621A32EE3D00047E61 /* Base */ = {isa = PBXFileReference; lastKnownFileType = file.storyboard; name = Base; path = Base.lproj/Main.storyboard; sourceTree = "<group>"; };
		E3BA46641A32EE3D00047E61 /* Images.xcassets */ = {isa = PBXFileReference; lastKnownFileType = folder.assetcatalog; path = Images.xcassets; sourceTree = "<group>"; };
		E3BA46671A32EE3D00047E61 /* Base */ = {isa = PBXFileReference; lastKnownFileType = file.xib; name = Base; path = Base.lproj/LaunchScreen.xib; sourceTree = "<group>"; };
		E3BA466D1A32EE3D00047E61 /* MyTwitterClient2Tests.xctest */ = {isa = PBXFileReference; explicitFileType = wrapper.cfbundle; includeInIndex = 0; path = MyTwitterClient2Tests.xctest; sourceTree = BUILT_PRODUCTS_DIR; };
		E3BA46721A32EE3D00047E61 /* Info.plist */ = {isa = PBXFileReference; lastKnownFileType = text.plist.xml; path = Info.plist; sourceTree = "<group>"; };
		E3BA46731A32EE3D00047E61 /* MyTwitterClient2Tests.m */ = {isa = PBXFileReference; lastKnownFileType = sourcecode.c.objc; path = MyTwitterClient2Tests.m; sourceTree = "<group>"; };
		E3BA467D1A32F44C00047E61 /* NIMTweetsViewController.h */ = {isa = PBXFileReference; fileEncoding = 4; lastKnownFileType = sourcecode.c.h; path = NIMTweetsViewController.h; sourceTree = "<group>"; };
		E3BA467E1A32F44C00047E61 /* NIMTweetsViewController.m */ = {isa = PBXFileReference; fileEncoding = 4; lastKnownFileType = sourcecode.c.objc; path = NIMTweetsViewController.m; sourceTree = "<group>"; };
		E3BA46801A32F4D300047E61 /* NIMSettingsViewController.h */ = {isa = PBXFileReference; fileEncoding = 4; lastKnownFileType = sourcecode.c.h; path = NIMSettingsViewController.h; sourceTree = "<group>"; };
		E3BA46811A32F4D300047E61 /* NIMSettingsViewController.m */ = {isa = PBXFileReference; fileEncoding = 4; lastKnownFileType = sourcecode.c.objc; path = NIMSettingsViewController.m; sourceTree = "<group>"; };
		E3BA46841A32FC4600047E61 /* NIMTwitterHTTPClient.h */ = {isa = PBXFileReference; fileEncoding = 4; lastKnownFileType = sourcecode.c.h; path = NIMTwitterHTTPClient.h; sourceTree = "<group>"; };
		E3BA46851A32FC4600047E61 /* NIMTwitterHTTPClient.m */ = {isa = PBXFileReference; fileEncoding = 4; lastKnownFileType = sourcecode.c.objc; path = NIMTwitterHTTPClient.m; sourceTree = "<group>"; };
		E3BA46881A33073600047E61 /* NIMTweet.h */ = {isa = PBXFileReference; fileEncoding = 4; lastKnownFileType = sourcecode.c.h; path = NIMTweet.h; sourceTree = "<group>"; };
		E3BA46891A33073600047E61 /* NIMTweet.m */ = {isa = PBXFileReference; fileEncoding = 4; lastKnownFileType = sourcecode.c.objc; path = NIMTweet.m; sourceTree = "<group>"; };
		E3BA468B1A3307BB00047E61 /* NIMUser.h */ = {isa = PBXFileReference; fileEncoding = 4; lastKnownFileType = sourcecode.c.h; path = NIMUser.h; sourceTree = "<group>"; };
		E3BA468C1A3307BB00047E61 /* NIMUser.m */ = {isa = PBXFileReference; fileEncoding = 4; lastKnownFileType = sourcecode.c.objc; path = NIMUser.m; sourceTree = "<group>"; };
/* End PBXFileReference section */

/* Begin PBXFrameworksBuildPhase section */
		E3BA46511A32EE3D00047E61 /* Frameworks */ = {
			isa = PBXFrameworksBuildPhase;
			buildActionMask = 2147483647;
			files = (
				F2339C0218CF2EE735769ECB /* libPods.a in Frameworks */,
			);
			runOnlyForDeploymentPostprocessing = 0;
		};
		E3BA466A1A32EE3D00047E61 /* Frameworks */ = {
			isa = PBXFrameworksBuildPhase;
			buildActionMask = 2147483647;
			files = (
			);
			runOnlyForDeploymentPostprocessing = 0;
		};
/* End PBXFrameworksBuildPhase section */

/* Begin PBXGroup section */
		65C9137525FC792B2D1E2C0A /* Pods */ = {
			isa = PBXGroup;
			children = (
				12327006E00FEE1C26AEDB64 /* Pods.debug.xcconfig */,
				362B4246287275EDA8CE542A /* Pods.release.xcconfig */,
			);
			name = Pods;
			sourceTree = "<group>";
		};
		A5DF7E17599C1D9CE0F3E02C /* Frameworks */ = {
			isa = PBXGroup;
			children = (
				A41F2F2F9CAB1B5FDB3ED6A5 /* libPods.a */,
			);
			name = Frameworks;
			sourceTree = "<group>";
		};
		E338CAD81A3354A500DDB2CD /* View Controllers */ = {
			isa = PBXGroup;
			children = (
				E3BA467D1A32F44C00047E61 /* NIMTweetsViewController.h */,
				E3BA467E1A32F44C00047E61 /* NIMTweetsViewController.m */,
				E338CAE91A34CDAB00DDB2CD /* NIMTweetsDataController.h */,
				E338CAEA1A34CDAB00DDB2CD /* NIMTweetsDataController.m */,
				E3BA46801A32F4D300047E61 /* NIMSettingsViewController.h */,
				E3BA46811A32F4D300047E61 /* NIMSettingsViewController.m */,
				E3877EE11A3311F7000573FF /* NIMTweetCell.h */,
				E3877EE21A3311F7000573FF /* NIMTweetCell.m */,
			);
			name = "View Controllers";
			sourceTree = "<group>";
		};
		E338CAE01A3464C200DDB2CD /* cocoa-oauth */ = {
			isa = PBXGroup;
			children = (
				E338CAE11A3464C200DDB2CD /* GCOAuth.h */,
				E338CAE21A3464C200DDB2CD /* GCOAuth.m */,
				E338CAE31A3464C200DDB2CD /* NSData+Base64.h */,
				E338CAE41A3464C200DDB2CD /* NSData+Base64.m */,
			);
			name = "cocoa-oauth";
			path = "Submodules/cocoa-oauth";
			sourceTree = "<group>";
		};
		E3877EF11A333AD4000573FF /* Vendor */ = {
			isa = PBXGroup;
			children = (
				E338CAE01A3464C200DDB2CD /* cocoa-oauth */,
			);
			name = Vendor;
			sourceTree = "<group>";
		};
		E3BA464B1A32EE3D00047E61 = {
			isa = PBXGroup;
			children = (
				E3BA46561A32EE3D00047E61 /* MyTwitterClient2 */,
				E3BA46701A32EE3D00047E61 /* MyTwitterClient2Tests */,
				E3BA46551A32EE3D00047E61 /* Products */,
				65C9137525FC792B2D1E2C0A /* Pods */,
				E3877EF11A333AD4000573FF /* Vendor */,
				A5DF7E17599C1D9CE0F3E02C /* Frameworks */,
			);
			sourceTree = "<group>";
		};
		E3BA46551A32EE3D00047E61 /* Products */ = {
			isa = PBXGroup;
			children = (
				E3BA46541A32EE3D00047E61 /* MyTwitterClient2.app */,
				E3BA466D1A32EE3D00047E61 /* MyTwitterClient2Tests.xctest */,
			);
			name = Products;
			sourceTree = "<group>";
		};
		E3BA46561A32EE3D00047E61 /* MyTwitterClient2 */ = {
			isa = PBXGroup;
			children = (
				E3BA46841A32FC4600047E61 /* NIMTwitterHTTPClient.h */,
				E3BA46851A32FC4600047E61 /* NIMTwitterHTTPClient.m */,
				E3BA46871A33072100047E61 /* Model */,
				E338CAD81A3354A500DDB2CD /* View Controllers */,
				E3BA465B1A32EE3D00047E61 /* AppDelegate.h */,
				E3BA465C1A32EE3D00047E61 /* AppDelegate.m */,
				E3BA46611A32EE3D00047E61 /* Main.storyboard */,
				E3BA46641A32EE3D00047E61 /* Images.xcassets */,
				E3BA46661A32EE3D00047E61 /* LaunchScreen.xib */,
				E3BA46571A32EE3D00047E61 /* Supporting Files */,
			);
			path = MyTwitterClient2;
			sourceTree = "<group>";
		};
		E3BA46571A32EE3D00047E61 /* Supporting Files */ = {
			isa = PBXGroup;
			children = (
				E3BA46581A32EE3D00047E61 /* Info.plist */,
				E3BA46591A32EE3D00047E61 /* main.m */,
			);
			name = "Supporting Files";
			sourceTree = "<group>";
		};
		E3BA46701A32EE3D00047E61 /* MyTwitterClient2Tests */ = {
			isa = PBXGroup;
			children = (
				E3BA46731A32EE3D00047E61 /* MyTwitterClient2Tests.m */,
				E3BA46711A32EE3D00047E61 /* Supporting Files */,
			);
			path = MyTwitterClient2Tests;
			sourceTree = "<group>";
		};
		E3BA46711A32EE3D00047E61 /* Supporting Files */ = {
			isa = PBXGroup;
			children = (
				E3BA46721A32EE3D00047E61 /* Info.plist */,
			);
			name = "Supporting Files";
			sourceTree = "<group>";
		};
		E3BA46871A33072100047E61 /* Model */ = {
			isa = PBXGroup;
			children = (
				E3BA46881A33073600047E61 /* NIMTweet.h */,
				E3BA46891A33073600047E61 /* NIMTweet.m */,
				E3BA468B1A3307BB00047E61 /* NIMUser.h */,
				E3BA468C1A3307BB00047E61 /* NIMUser.m */,
				E338CAD51A3351C700DDB2CD /* NIMSettings.h */,
				E338CAD61A3351C700DDB2CD /* NIMSettings.m */,
				E338CAD91A3439CE00DDB2CD /* NIMFMDataSource.h */,
				E338CADA1A3439CE00DDB2CD /* NIMFMDataSource.m */,
			);
			name = Model;
			sourceTree = "<group>";
		};
/* End PBXGroup section */

/* Begin PBXNativeTarget section */
		E3BA46531A32EE3D00047E61 /* MyTwitterClient2 */ = {
			isa = PBXNativeTarget;
			buildConfigurationList = E3BA46771A32EE3D00047E61 /* Build configuration list for PBXNativeTarget "MyTwitterClient2" */;
			buildPhases = (
				B6D07D5ABDDC665C60A873C0 /* Check Pods Manifest.lock */,
				E3BA46501A32EE3D00047E61 /* Sources */,
				E3BA46511A32EE3D00047E61 /* Frameworks */,
				E3BA46521A32EE3D00047E61 /* Resources */,
				BEE43A4C212E882DC22D33A2 /* Copy Pods Resources */,
			);
			buildRules = (
			);
			dependencies = (
			);
			name = MyTwitterClient2;
			productName = MyTwitterClient2;
			productReference = E3BA46541A32EE3D00047E61 /* MyTwitterClient2.app */;
			productType = "com.apple.product-type.application";
		};
		E3BA466C1A32EE3D00047E61 /* MyTwitterClient2Tests */ = {
			isa = PBXNativeTarget;
			buildConfigurationList = E3BA467A1A32EE3D00047E61 /* Build configuration list for PBXNativeTarget "MyTwitterClient2Tests" */;
			buildPhases = (
				E3BA46691A32EE3D00047E61 /* Sources */,
				E3BA466A1A32EE3D00047E61 /* Frameworks */,
				E3BA466B1A32EE3D00047E61 /* Resources */,
			);
			buildRules = (
			);
			dependencies = (
				E3BA466F1A32EE3D00047E61 /* PBXTargetDependency */,
			);
			name = MyTwitterClient2Tests;
			productName = MyTwitterClient2Tests;
			productReference = E3BA466D1A32EE3D00047E61 /* MyTwitterClient2Tests.xctest */;
			productType = "com.apple.product-type.bundle.unit-test";
		};
/* End PBXNativeTarget section */

/* Begin PBXProject section */
		E3BA464C1A32EE3D00047E61 /* Project object */ = {
			isa = PBXProject;
			attributes = {
				CLASSPREFIX = NIM;
				LastUpgradeCheck = 0610;
				ORGANIZATIONNAME = "Nikolay Morev";
				TargetAttributes = {
					E3BA46531A32EE3D00047E61 = {
						CreatedOnToolsVersion = 6.1.1;
					};
					E3BA466C1A32EE3D00047E61 = {
						CreatedOnToolsVersion = 6.1.1;
						TestTargetID = E3BA46531A32EE3D00047E61;
					};
				};
			};
			buildConfigurationList = E3BA464F1A32EE3D00047E61 /* Build configuration list for PBXProject "MyTwitterClient2" */;
			compatibilityVersion = "Xcode 3.2";
			developmentRegion = English;
			hasScannedForEncodings = 0;
			knownRegions = (
				en,
				Base,
			);
			mainGroup = E3BA464B1A32EE3D00047E61;
			productRefGroup = E3BA46551A32EE3D00047E61 /* Products */;
			projectDirPath = "";
			projectRoot = "";
			targets = (
				E3BA46531A32EE3D00047E61 /* MyTwitterClient2 */,
				E3BA466C1A32EE3D00047E61 /* MyTwitterClient2Tests */,
			);
		};
/* End PBXProject section */

/* Begin PBXResourcesBuildPhase section */
		E3BA46521A32EE3D00047E61 /* Resources */ = {
			isa = PBXResourcesBuildPhase;
			buildActionMask = 2147483647;
			files = (
				E3BA46631A32EE3D00047E61 /* Main.storyboard in Resources */,
				E3BA46681A32EE3D00047E61 /* LaunchScreen.xib in Resources */,
				E3BA46651A32EE3D00047E61 /* Images.xcassets in Resources */,
			);
			runOnlyForDeploymentPostprocessing = 0;
		};
		E3BA466B1A32EE3D00047E61 /* Resources */ = {
			isa = PBXResourcesBuildPhase;
			buildActionMask = 2147483647;
			files = (
			);
			runOnlyForDeploymentPostprocessing = 0;
		};
/* End PBXResourcesBuildPhase section */

/* Begin PBXShellScriptBuildPhase section */
		B6D07D5ABDDC665C60A873C0 /* Check Pods Manifest.lock */ = {
			isa = PBXShellScriptBuildPhase;
			buildActionMask = 2147483647;
			files = (
			);
			inputPaths = (
			);
			name = "Check Pods Manifest.lock";
			outputPaths = (
			);
			runOnlyForDeploymentPostprocessing = 0;
			shellPath = /bin/sh;
			shellScript = "diff \"${PODS_ROOT}/../Podfile.lock\" \"${PODS_ROOT}/Manifest.lock\" > /dev/null\nif [[ $? != 0 ]] ; then\n    cat << EOM\nerror: The sandbox is not in sync with the Podfile.lock. Run 'pod install' or update your CocoaPods installation.\nEOM\n    exit 1\nfi\n";
			showEnvVarsInLog = 0;
		};
		BEE43A4C212E882DC22D33A2 /* Copy Pods Resources */ = {
			isa = PBXShellScriptBuildPhase;
			buildActionMask = 2147483647;
			files = (
			);
			inputPaths = (
			);
			name = "Copy Pods Resources";
			outputPaths = (
			);
			runOnlyForDeploymentPostprocessing = 0;
			shellPath = /bin/sh;
			shellScript = "\"${SRCROOT}/Pods/Target Support Files/Pods/Pods-resources.sh\"\n";
			showEnvVarsInLog = 0;
		};
/* End PBXShellScriptBuildPhase section */

/* Begin PBXSourcesBuildPhase section */
		E3BA46501A32EE3D00047E61 /* Sources */ = {
			isa = PBXSourcesBuildPhase;
			buildActionMask = 2147483647;
			files = (
				E338CAD71A3351C700DDB2CD /* NIMSettings.m in Sources */,
				E3BA465D1A32EE3D00047E61 /* AppDelegate.m in Sources */,
				E338CAEB1A34CDAB00DDB2CD /* NIMTweetsDataController.m in Sources */,
				E3BA467F1A32F44C00047E61 /* NIMTweetsViewController.m in Sources */,
				E3BA468D1A3307BB00047E61 /* NIMUser.m in Sources */,
				E3BA468A1A33073600047E61 /* NIMTweet.m in Sources */,
				E3BA46821A32F4D300047E61 /* NIMSettingsViewController.m in Sources */,
				E3BA46861A32FC4600047E61 /* NIMTwitterHTTPClient.m in Sources */,
				E3877EE31A3311F7000573FF /* NIMTweetCell.m in Sources */,
				E338CAE61A3464C200DDB2CD /* GCOAuth.m in Sources */,
				E338CADB1A3439CE00DDB2CD /* NIMFMDataSource.m in Sources */,
				E3BA465A1A32EE3D00047E61 /* main.m in Sources */,
				E338CAE71A3464C200DDB2CD /* NSData+Base64.m in Sources */,
			);
			runOnlyForDeploymentPostprocessing = 0;
		};
		E3BA46691A32EE3D00047E61 /* Sources */ = {
			isa = PBXSourcesBuildPhase;
			buildActionMask = 2147483647;
			files = (
				E3BA46741A32EE3D00047E61 /* MyTwitterClient2Tests.m in Sources */,
			);
			runOnlyForDeploymentPostprocessing = 0;
		};
/* End PBXSourcesBuildPhase section */

/* Begin PBXTargetDependency section */
		E3BA466F1A32EE3D00047E61 /* PBXTargetDependency */ = {
			isa = PBXTargetDependency;
			target = E3BA46531A32EE3D00047E61 /* MyTwitterClient2 */;
			targetProxy = E3BA466E1A32EE3D00047E61 /* PBXContainerItemProxy */;
		};
/* End PBXTargetDependency section */

/* Begin PBXVariantGroup section */
		E3BA46611A32EE3D00047E61 /* Main.storyboard */ = {
			isa = PBXVariantGroup;
			children = (
				E3BA46621A32EE3D00047E61 /* Base */,
			);
			name = Main.storyboard;
			sourceTree = "<group>";
		};
		E3BA46661A32EE3D00047E61 /* LaunchScreen.xib */ = {
			isa = PBXVariantGroup;
			children = (
				E3BA46671A32EE3D00047E61 /* Base */,
			);
			name = LaunchScreen.xib;
			sourceTree = "<group>";
		};
/* End PBXVariantGroup section */

/* Begin XCBuildConfiguration section */
		E3BA46751A32EE3D00047E61 /* Debug */ = {
			isa = XCBuildConfiguration;
			buildSettings = {
				ALWAYS_SEARCH_USER_PATHS = NO;
				CLANG_CXX_LANGUAGE_STANDARD = "gnu++0x";
				CLANG_CXX_LIBRARY = "libc++";
				CLANG_ENABLE_MODULES = YES;
				CLANG_ENABLE_OBJC_ARC = YES;
				CLANG_WARN_BOOL_CONVERSION = YES;
				CLANG_WARN_CONSTANT_CONVERSION = YES;
				CLANG_WARN_DIRECT_OBJC_ISA_USAGE = YES_ERROR;
				CLANG_WARN_EMPTY_BODY = YES;
				CLANG_WARN_ENUM_CONVERSION = YES;
				CLANG_WARN_INT_CONVERSION = YES;
				CLANG_WARN_OBJC_ROOT_CLASS = YES_ERROR;
				CLANG_WARN_UNREACHABLE_CODE = YES;
				CLANG_WARN__DUPLICATE_METHOD_MATCH = YES;
				"CODE_SIGN_IDENTITY[sdk=iphoneos*]" = "iPhone Developer";
				COPY_PHASE_STRIP = NO;
				ENABLE_STRICT_OBJC_MSGSEND = YES;
				GCC_C_LANGUAGE_STANDARD = gnu99;
				GCC_DYNAMIC_NO_PIC = NO;
				GCC_OPTIMIZATION_LEVEL = 0;
				GCC_PREPROCESSOR_DEFINITIONS = (
					"DEBUG=1",
					"$(inherited)",
				);
				GCC_SYMBOLS_PRIVATE_EXTERN = NO;
				GCC_WARN_64_TO_32_BIT_CONVERSION = YES;
				GCC_WARN_ABOUT_RETURN_TYPE = YES_ERROR;
				GCC_WARN_UNDECLARED_SELECTOR = YES;
				GCC_WARN_UNINITIALIZED_AUTOS = YES_AGGRESSIVE;
				GCC_WARN_UNUSED_FUNCTION = YES;
				GCC_WARN_UNUSED_VARIABLE = YES;
				IPHONEOS_DEPLOYMENT_TARGET = 7.0;
				MTL_ENABLE_DEBUG_INFO = YES;
				ONLY_ACTIVE_ARCH = YES;
				RUN_CLANG_STATIC_ANALYZER = YES;
				SDKROOT = iphoneos;
				WARNING_CFLAGS = (
					"-Wall",
					"-Wextra",
					"-Weverything",
					"-Wno-unused-parameter",
					"-Wno-gnu-statement-expression",
					"-Wno-objc-missing-property-synthesis",
					"-Wno-documentation",
					"-Wno-idiomatic-parentheses",
					"-Wno-pedantic",
					"-Wno-assign-enum",
				);
			};
			name = Debug;
		};
		E3BA46761A32EE3D00047E61 /* Release */ = {
			isa = XCBuildConfiguration;
			buildSettings = {
				ALWAYS_SEARCH_USER_PATHS = NO;
				CLANG_CXX_LANGUAGE_STANDARD = "gnu++0x";
				CLANG_CXX_LIBRARY = "libc++";
				CLANG_ENABLE_MODULES = YES;
				CLANG_ENABLE_OBJC_ARC = YES;
				CLANG_WARN_BOOL_CONVERSION = YES;
				CLANG_WARN_CONSTANT_CONVERSION = YES;
				CLANG_WARN_DIRECT_OBJC_ISA_USAGE = YES_ERROR;
				CLANG_WARN_EMPTY_BODY = YES;
				CLANG_WARN_ENUM_CONVERSION = YES;
				CLANG_WARN_INT_CONVERSION = YES;
				CLANG_WARN_OBJC_ROOT_CLASS = YES_ERROR;
				CLANG_WARN_UNREACHABLE_CODE = YES;
				CLANG_WARN__DUPLICATE_METHOD_MATCH = YES;
				"CODE_SIGN_IDENTITY[sdk=iphoneos*]" = "iPhone Developer";
				COPY_PHASE_STRIP = YES;
				ENABLE_NS_ASSERTIONS = NO;
				ENABLE_STRICT_OBJC_MSGSEND = YES;
				GCC_C_LANGUAGE_STANDARD = gnu99;
				GCC_WARN_64_TO_32_BIT_CONVERSION = YES;
				GCC_WARN_ABOUT_RETURN_TYPE = YES_ERROR;
				GCC_WARN_UNDECLARED_SELECTOR = YES;
				GCC_WARN_UNINITIALIZED_AUTOS = YES_AGGRESSIVE;
				GCC_WARN_UNUSED_FUNCTION = YES;
				GCC_WARN_UNUSED_VARIABLE = YES;
				IPHONEOS_DEPLOYMENT_TARGET = 7.0;
				MTL_ENABLE_DEBUG_INFO = NO;
				RUN_CLANG_STATIC_ANALYZER = YES;
				SDKROOT = iphoneos;
				VALIDATE_PRODUCT = YES;
				WARNING_CFLAGS = (
					"-Wall",
					"-Wextra",
					"-Weverything",
					"-Wno-unused-parameter",
					"-Wno-gnu-statement-expression",
					"-Wno-objc-missing-property-synthesis",
					"-Wno-documentation",
					"-Wno-idiomatic-parentheses",
					"-Wno-pedantic",
					"-Wno-assign-enum",
				);
			};
			name = Release;
		};
		E3BA46781A32EE3D00047E61 /* Debug */ = {
			isa = XCBuildConfiguration;
			baseConfigurationReference = 12327006E00FEE1C26AEDB64 /* Pods.debug.xcconfig */;
			buildSettings = {
				ASSETCATALOG_COMPILER_APPICON_NAME = AppIcon;
				ASSETCATALOG_COMPILER_LAUNCHIMAGE_NAME = LaunchImage;
				INFOPLIST_FILE = MyTwitterClient2/Info.plist;
				LD_RUNPATH_SEARCH_PATHS = "$(inherited) @executable_path/Frameworks";
				PRODUCT_NAME = "$(TARGET_NAME)";
			};
			name = Debug;
		};
		E3BA46791A32EE3D00047E61 /* Release */ = {
			isa = XCBuildConfiguration;
			baseConfigurationReference = 362B4246287275EDA8CE542A /* Pods.release.xcconfig */;
			buildSettings = {
				ASSETCATALOG_COMPILER_APPICON_NAME = AppIcon;
				ASSETCATALOG_COMPILER_LAUNCHIMAGE_NAME = LaunchImage;
				INFOPLIST_FILE = MyTwitterClient2/Info.plist;
				LD_RUNPATH_SEARCH_PATHS = "$(inherited) @executable_path/Frameworks";
				PRODUCT_NAME = "$(TARGET_NAME)";
			};
			name = Release;
		};
		E3BA467B1A32EE3D00047E61 /* Debug */ = {
			isa = XCBuildConfiguration;
			buildSettings = {
				BUNDLE_LOADER = "$(TEST_HOST)";
				FRAMEWORK_SEARCH_PATHS = (
					"$(SDKROOT)/Developer/Library/Frameworks",
					"$(inherited)",
				);
				GCC_PREPROCESSOR_DEFINITIONS = (
					"DEBUG=1",
					"$(inherited)",
				);
				INFOPLIST_FILE = MyTwitterClient2Tests/Info.plist;
				LD_RUNPATH_SEARCH_PATHS = "$(inherited) @executable_path/Frameworks @loader_path/Frameworks";
				PRODUCT_NAME = "$(TARGET_NAME)";
				TEST_HOST = "$(BUILT_PRODUCTS_DIR)/MyTwitterClient2.app/MyTwitterClient2";
			};
			name = Debug;
		};
		E3BA467C1A32EE3D00047E61 /* Release */ = {
			isa = XCBuildConfiguration;
			buildSettings = {
				BUNDLE_LOADER = "$(TEST_HOST)";
				FRAMEWORK_SEARCH_PATHS = (
					"$(SDKROOT)/Developer/Library/Frameworks",
					"$(inherited)",
				);
				INFOPLIST_FILE = MyTwitterClient2Tests/Info.plist;
				LD_RUNPATH_SEARCH_PATHS = "$(inherited) @executable_path/Frameworks @loader_path/Frameworks";
				PRODUCT_NAME = "$(TARGET_NAME)";
				TEST_HOST = "$(BUILT_PRODUCTS_DIR)/MyTwitterClient2.app/MyTwitterClient2";
			};
			name = Release;
		};
/* End XCBuildConfiguration section */

/* Begin XCConfigurationList section */
		E3BA464F1A32EE3D00047E61 /* Build configuration list for PBXProject "MyTwitterClient2" */ = {
			isa = XCConfigurationList;
			buildConfigurations = (
				E3BA46751A32EE3D00047E61 /* Debug */,
				E3BA46761A32EE3D00047E61 /* Release */,
			);
			defaultConfigurationIsVisible = 0;
			defaultConfigurationName = Release;
		};
		E3BA46771A32EE3D00047E61 /* Build configuration list for PBXNativeTarget "MyTwitterClient2" */ = {
			isa = XCConfigurationList;
			buildConfigurations = (
				E3BA46781A32EE3D00047E61 /* Debug */,
				E3BA46791A32EE3D00047E61 /* Release */,
			);
			defaultConfigurationIsVisible = 0;
			defaultConfigurationName = Release;
		};
		E3BA467A1A32EE3D00047E61 /* Build configuration list for PBXNativeTarget "MyTwitterClient2Tests" */ = {
			isa = XCConfigurationList;
			buildConfigurations = (
				E3BA467B1A32EE3D00047E61 /* Debug */,
				E3BA467C1A32EE3D00047E61 /* Release */,
			);
			defaultConfigurationIsVisible = 0;
			defaultConfigurationName = Release;
		};
/* End XCConfigurationList section */
	};
	rootObject = E3BA464C1A32EE3D00047E61 /* Project object */;
}
